
Microsoft Visual Studio Solution File, Format Version 12.00
# Visual Studio Version 17
VisualStudioVersion = 17.2.32602.215
MinimumVisualStudioVersion = 10.0.40219.1
Project("{FAE04EC0-301F-11D3-BF4B-00C04F79EFBC}") = "StackAndQueue", "StackAndQueue\StackAndQueue.csproj", "{5E778AF3-2C43-48E9-A01B-DB5EBAC9083A}"
EndProject
Global
	GlobalSection(SolutionConfigurationPlatforms) = preSolution
		Debug|Any CPU = Debug|Any CPU
		Release|Any CPU = Release|Any CPU
	EndGlobalSection
	GlobalSection(ProjectConfigurationPlatforms) = postSolution
		{5E778AF3-2C43-48E9-A01B-DB5EBAC9083A}.Debug|Any CPU.ActiveCfg = Debug|Any CPU
		{5E778AF3-2C43-48E9-A01B-DB5EBAC9083A}.Debug|Any CPU.Build.0 = Debug|Any CPU
		{5E778AF3-2C43-48E9-A01B-DB5EBAC9083A}.Release|Any CPU.ActiveCfg = Release|Any CPU
		{5E778AF3-2C43-48E9-A01B-DB5EBAC9083A}.Release|Any CPU.Build.0 = Release|Any CPU
	EndGlobalSection
	GlobalSection(SolutionProperties) = preSolution
		HideSolutionNode = FALSE
	EndGlobalSection
	GlobalSection(ExtensibilityGlobals) = postSolution
		SolutionGuid = {95E19382-4682-4073-A3E1-58E214AA589E}
	EndGlobalSection
EndGlobal
